
Microsoft Visual Studio Solution File, Format Version 12.00
# Visual Studio Version 16
VisualStudioVersion = 16.0.31911.196
MinimumVisualStudioVersion = 10.0.40219.1
Project("{FAE04EC0-301F-11D3-BF4B-00C04F79EFBC}") = "LazyBookworm", "LazyBookworm\LazyBookworm.csproj", "{F9116C9F-974D-4637-ADDE-8E830F2B1233}"
EndProject
Project("{FAE04EC0-301F-11D3-BF4B-00C04F79EFBC}") = "LazyBookworm.Common", "LazyBookworm.Common\LazyBookworm.Common.csproj", "{08807EB1-7525-475C-BF4F-F8C6905BF729}"
EndProject
Global
	GlobalSection(SolutionConfigurationPlatforms) = preSolution
		Debug|Any CPU = Debug|Any CPU
		Release|Any CPU = Release|Any CPU
	EndGlobalSection
	GlobalSection(ProjectConfigurationPlatforms) = postSolution
		{F9116C9F-974D-4637-ADDE-8E830F2B1233}.Debug|Any CPU.ActiveCfg = Debug|Any CPU
		{F9116C9F-974D-4637-ADDE-8E830F2B1233}.Debug|Any CPU.Build.0 = Debug|Any CPU
		{F9116C9F-974D-4637-ADDE-8E830F2B1233}.Release|Any CPU.ActiveCfg = Release|Any CPU
		{F9116C9F-974D-4637-ADDE-8E830F2B1233}.Release|Any CPU.Build.0 = Release|Any CPU
		{08807EB1-7525-475C-BF4F-F8C6905BF729}.Debug|Any CPU.ActiveCfg = Debug|Any CPU
		{08807EB1-7525-475C-BF4F-F8C6905BF729}.Debug|Any CPU.Build.0 = Debug|Any CPU
		{08807EB1-7525-475C-BF4F-F8C6905BF729}.Release|Any CPU.ActiveCfg = Release|Any CPU
		{08807EB1-7525-475C-BF4F-F8C6905BF729}.Release|Any CPU.Build.0 = Release|Any CPU
	EndGlobalSection
	GlobalSection(SolutionProperties) = preSolution
		HideSolutionNode = FALSE
	EndGlobalSection
	GlobalSection(ExtensibilityGlobals) = postSolution
		SolutionGuid = {4EF5B956-934A-4DD7-BBEC-796770E03964}
	EndGlobalSection
EndGlobal
